
Microsoft Visual Studio Solution File, Format Version 12.00
# Visual Studio Version 17
VisualStudioVersion = 17.7.34003.232
MinimumVisualStudioVersion = 10.0.40219.1
Project("{FAE04EC0-301F-11D3-BF4B-00C04F79EFBC}") = "OOP", "OOP\OOP.csproj", "{3A81CA6D-7929-4535-8ECE-46E8322F78E2}"
EndProject
Global
	GlobalSection(SolutionConfigurationPlatforms) = preSolution
		Debug|Any CPU = Debug|Any CPU
		Release|Any CPU = Release|Any CPU
	EndGlobalSection
	GlobalSection(ProjectConfigurationPlatforms) = postSolution
		{3A81CA6D-7929-4535-8ECE-46E8322F78E2}.Debug|Any CPU.ActiveCfg = Debug|Any CPU
		{3A81CA6D-7929-4535-8ECE-46E8322F78E2}.Debug|Any CPU.Build.0 = Debug|Any CPU
		{3A81CA6D-7929-4535-8ECE-46E8322F78E2}.Release|Any CPU.ActiveCfg = Release|Any CPU
		{3A81CA6D-7929-4535-8ECE-46E8322F78E2}.Release|Any CPU.Build.0 = Release|Any CPU
	EndGlobalSection
	GlobalSection(SolutionProperties) = preSolution
		HideSolutionNode = FALSE
	EndGlobalSection
	GlobalSection(ExtensibilityGlobals) = postSolution
		SolutionGuid = {B32686A9-F1D3-481E-8F82-2DBA118A6440}
	EndGlobalSection
EndGlobal
