
Microsoft Visual Studio Solution File, Format Version 12.00
# Visual Studio Version 17
VisualStudioVersion = 17.7.34024.191
MinimumVisualStudioVersion = 10.0.40219.1
Project("{FAE04EC0-301F-11D3-BF4B-00C04F79EFBC}") = "CharactersArrayStrings", "CharactersArrayStrings.csproj", "{08EF13EF-6E62-44CF-9052-3F2471C699BC}"
EndProject
Global
	GlobalSection(SolutionConfigurationPlatforms) = preSolution
		Debug|Any CPU = Debug|Any CPU
		Release|Any CPU = Release|Any CPU
	EndGlobalSection
	GlobalSection(ProjectConfigurationPlatforms) = postSolution
		{08EF13EF-6E62-44CF-9052-3F2471C699BC}.Debug|Any CPU.ActiveCfg = Debug|Any CPU
		{08EF13EF-6E62-44CF-9052-3F2471C699BC}.Debug|Any CPU.Build.0 = Debug|Any CPU
		{08EF13EF-6E62-44CF-9052-3F2471C699BC}.Release|Any CPU.ActiveCfg = Release|Any CPU
		{08EF13EF-6E62-44CF-9052-3F2471C699BC}.Release|Any CPU.Build.0 = Release|Any CPU
	EndGlobalSection
	GlobalSection(SolutionProperties) = preSolution
		HideSolutionNode = FALSE
	EndGlobalSection
	GlobalSection(ExtensibilityGlobals) = postSolution
		SolutionGuid = {D0530C9F-D0A9-44BC-8EFE-3FC352B96F56}
	EndGlobalSection
EndGlobal
